# THIS IS AN AUTOGENERATED FILE. DO NOT EDIT THIS FILE DIRECTLY.
# yarn lockfile v1


ky@^0.28.7:
  version "0.28.7"
  resolved "https://registry.yarnpkg.com/ky/-/ky-0.28.7.tgz#10c42be863fb96c1846d6e71e229263ffb72eb15"
  integrity sha512-a23i6qSr/ep15vdtw/zyEQIDLoUaKDg9Jf04CYl/0ns/wXNYna26zJpI+MeIFaPeDvkrjLPrKtKOiiI3IE53RQ==

uuid@^8.3.2:
  version "8.3.2"
  resolved "https://registry.yarnpkg.com/uuid/-/uuid-8.3.2.tgz#80d5b5ced271bb9af6c445f21a1a04c606cefbe2"
  integrity sha512-+NYs2QeMWy+GWFOEm9xnn6HCDp0l7QBD7ml8zLUmJ+93Q5NF0NocErnwkTkXVFNiX3/fpC6afS8Dhb/gz7R7eg==
